
Microsoft Visual Studio Solution File, Format Version 12.00
# Visual Studio Version 17
VisualStudioVersion = 17.10.34916.146
MinimumVisualStudioVersion = 10.0.40219.1
Project("{9A19103F-16F7-4668-BE54-9A1E7A4F7556}") = "CCKTiktok", "CCKTiktok\CCKTiktok.csproj", "{5F069295-39ED-4199-812A-E12476FDB25D}"
EndProject
Global
	GlobalSection(SolutionConfigurationPlatforms) = preSolution
		Debug|Any CPU = Debug|Any CPU
		Release|Any CPU = Release|Any CPU
	EndGlobalSection
	GlobalSection(ProjectConfigurationPlatforms) = postSolution
		{5F069295-39ED-4199-812A-E12476FDB25D}.Debug|Any CPU.ActiveCfg = Debug|Any CPU
		{5F069295-39ED-4199-812A-E12476FDB25D}.Debug|Any CPU.Build.0 = Debug|Any CPU
		{5F069295-39ED-4199-812A-E12476FDB25D}.Release|Any CPU.ActiveCfg = Release|Any CPU
		{5F069295-39ED-4199-812A-E12476FDB25D}.Release|Any CPU.Build.0 = Release|Any CPU
	EndGlobalSection
	GlobalSection(SolutionProperties) = preSolution
		HideSolutionNode = FALSE
	EndGlobalSection
	GlobalSection(ExtensibilityGlobals) = postSolution
		SolutionGuid = {5FA02C88-34C4-49AB-AC90-16D1C25EE436}
	EndGlobalSection
EndGlobal
